{
    "_meta": {
        "hash": {
            "sha256": "95f43cd991cca9186ffbf25da26ee355dfac33c4775290cd44798f0efad6f911"
        },
        "pipfile-spec": 6,
        "requires": {
            "python_version": "3.9"
        },
        "sources": [
            {
                "name": "pypi",
                "url": "https://pypi.org/simple",
                "verify_ssl": true
            }
        ]
    },
    "default": {
        "sorl-thumbnail": {
            "hashes": [
                "sha256:7788b460d90896f1f8f2f1e5ad21bcf9dec744c35ce71654d1e0c6ef41f90b9c",
                "sha256:ee2a3c9f0b889e59919383d3781f1317dc9c4927fb44b22fb1437f6fe7054b96"
            ],
            "index": "pypi",
            "version": "==12.8.0"
        }
    },
    "develop": {}
}
